// !$*UTF8*$!
{
	archiveVersion = 1;
	classes = {
	};
	objectVersion = 56;
	objects = {

/* Begin PBXBuildFile section */
		4ADD54C32C16C5CC0026BD08 /* AppDelegate.swift in Sources */ = {isa = PBXBuildFile; fileRef = 4ADD54C22C16C5CC0026BD08 /* AppDelegate.swift */; };
		4ADD54C52C16C5CC0026BD08 /* SceneDelegate.swift in Sources */ = {isa = PBXBuildFile; fileRef = 4ADD54C42C16C5CC0026BD08 /* SceneDelegate.swift */; };
		4ADD54C72C16C5CC0026BD08 /* ViewController.swift in Sources */ = {isa = PBXBuildFile; fileRef = 4ADD54C62C16C5CC0026BD08 /* ViewController.swift */; };
		4ADD54CA2C16C5CC0026BD08 /* Base in Resources */ = {isa = PBXBuildFile; fileRef = 4ADD54C92C16C5CC0026BD08 /* Base */; };
		4ADD54CC2C16C5CD0026BD08 /* Assets.xcassets in Resources */ = {isa = PBXBuildFile; fileRef = 4ADD54CB2C16C5CD0026BD08 /* Assets.xcassets */; };
		4ADD54CF2C16C5CD0026BD08 /* Base in Resources */ = {isa = PBXBuildFile; fileRef = 4ADD54CE2C16C5CD0026BD08 /* Base */; };
		4ADD54DA2C16C5CD0026BD08 /* DiagnalAppTests.swift in Sources */ = {isa = PBXBuildFile; fileRef = 4ADD54D92C16C5CD0026BD08 /* DiagnalAppTests.swift */; };
		4ADD54FA2C16CAF80026BD08 /* CONTENTLISTINGPAGE-PAGE2.json in Resources */ = {isa = PBXBuildFile; fileRef = 4ADD54F72C16CAF80026BD08 /* CONTENTLISTINGPAGE-PAGE2.json */; };
		4ADD54FB2C16CAF80026BD08 /* CONTENTLISTINGPAGE-PAGE1.json in Resources */ = {isa = PBXBuildFile; fileRef = 4ADD54F82C16CAF80026BD08 /* CONTENTLISTINGPAGE-PAGE1.json */; };
		4ADD54FC2C16CAF80026BD08 /* CONTENTLISTINGPAGE-PAGE3.json in Resources */ = {isa = PBXBuildFile; fileRef = 4ADD54F92C16CAF80026BD08 /* CONTENTLISTINGPAGE-PAGE3.json */; };
		4ADD54FF2C16CB1A0026BD08 /* TitilliumWeb-Light.ttf in Resources */ = {isa = PBXBuildFile; fileRef = 4ADD54FD2C16CB1A0026BD08 /* TitilliumWeb-Light.ttf */; };
		4ADD55002C16CB1A0026BD08 /* TitilliumWeb-Regular.ttf in Resources */ = {isa = PBXBuildFile; fileRef = 4ADD54FE2C16CB1A0026BD08 /* TitilliumWeb-Regular.ttf */; };
		4ADD550B2C16CB410026BD08 /* poster4.jpg in Resources */ = {isa = PBXBuildFile; fileRef = 4ADD55012C16CB410026BD08 /* poster4.jpg */; };
		4ADD550C2C16CB410026BD08 /* poster8.jpg in Resources */ = {isa = PBXBuildFile; fileRef = 4ADD55022C16CB410026BD08 /* poster8.jpg */; };
		4ADD550D2C16CB410026BD08 /* poster2.jpg in Resources */ = {isa = PBXBuildFile; fileRef = 4ADD55032C16CB410026BD08 /* poster2.jpg */; };
		4ADD550E2C16CB410026BD08 /* poster5.jpg in Resources */ = {isa = PBXBuildFile; fileRef = 4ADD55042C16CB410026BD08 /* poster5.jpg */; };
		4ADD550F2C16CB410026BD08 /* poster1.jpg in Resources */ = {isa = PBXBuildFile; fileRef = 4ADD55052C16CB410026BD08 /* poster1.jpg */; };
		4ADD55102C16CB410026BD08 /* placeholder_for_missing_posters.png in Resources */ = {isa = PBXBuildFile; fileRef = 4ADD55062C16CB410026BD08 /* placeholder_for_missing_posters.png */; };
		4ADD55112C16CB410026BD08 /* poster6.jpg in Resources */ = {isa = PBXBuildFile; fileRef = 4ADD55072C16CB410026BD08 /* poster6.jpg */; };
		4ADD55122C16CB410026BD08 /* poster7.jpg in Resources */ = {isa = PBXBuildFile; fileRef = 4ADD55082C16CB410026BD08 /* poster7.jpg */; };
		4ADD55132C16CB410026BD08 /* poster9.jpg in Resources */ = {isa = PBXBuildFile; fileRef = 4ADD55092C16CB410026BD08 /* poster9.jpg */; };
		4ADD55142C16CB410026BD08 /* poster3.jpg in Resources */ = {isa = PBXBuildFile; fileRef = 4ADD550A2C16CB410026BD08 /* poster3.jpg */; };
		4ADD55172C16CC1A0026BD08 /* UIFont+Ext.swift in Sources */ = {isa = PBXBuildFile; fileRef = 4ADD55162C16CC1A0026BD08 /* UIFont+Ext.swift */; };
		4ADD551B2C16D2450026BD08 /* MoviesFeed.swift in Sources */ = {isa = PBXBuildFile; fileRef = 4ADD551A2C16D2450026BD08 /* MoviesFeed.swift */; };
		4ADD551D2C16D2A70026BD08 /* MoviesFeedLoader.swift in Sources */ = {isa = PBXBuildFile; fileRef = 4ADD551C2C16D2A70026BD08 /* MoviesFeedLoader.swift */; };
		4ADD55202C16D3590026BD08 /* FileLoaderClient.swift in Sources */ = {isa = PBXBuildFile; fileRef = 4ADD551F2C16D3590026BD08 /* FileLoaderClient.swift */; };
		4ADD55232C16D40F0026BD08 /* RemoteMockedMoviesFeedLoader.swift in Sources */ = {isa = PBXBuildFile; fileRef = 4ADD55222C16D40F0026BD08 /* RemoteMockedMoviesFeedLoader.swift */; };
		4ADD55252C16D53B0026BD08 /* LoadMoviesFeedFromRemoteMockedUseCaseTests.swift in Sources */ = {isa = PBXBuildFile; fileRef = 4ADD55242C16D53B0026BD08 /* LoadMoviesFeedFromRemoteMockedUseCaseTests.swift */; };
		4ADD55282C16D5ED0026BD08 /* XCTestCase+MemoryLeakTracking.swift in Sources */ = {isa = PBXBuildFile; fileRef = 4ADD55272C16D5ED0026BD08 /* XCTestCase+MemoryLeakTracking.swift */; };
		4ADD552A2C16D62C0026BD08 /* FileLoaderClientSpy.swift in Sources */ = {isa = PBXBuildFile; fileRef = 4ADD55292C16D62C0026BD08 /* FileLoaderClientSpy.swift */; };
		4ADD552C2C16EDA50026BD08 /* MoviesFeedMapper.swift in Sources */ = {isa = PBXBuildFile; fileRef = 4ADD552B2C16EDA50026BD08 /* MoviesFeedMapper.swift */; };
		4ADD552E2C170F760026BD08 /* JSONFileLoaderClient.swift in Sources */ = {isa = PBXBuildFile; fileRef = 4ADD552D2C170F760026BD08 /* JSONFileLoaderClient.swift */; };
		4ADD55362C17300D0026BD08 /* UICollectionView+Dequeuing.swift in Sources */ = {isa = PBXBuildFile; fileRef = 4ADD55332C17300D0026BD08 /* UICollectionView+Dequeuing.swift */; };
		4ADD55372C17300D0026BD08 /* UIImageView+Animations.swift in Sources */ = {isa = PBXBuildFile; fileRef = 4ADD55342C17300D0026BD08 /* UIImageView+Animations.swift */; };
		4ADD55382C17300D0026BD08 /* UILabel+Extension.swift in Sources */ = {isa = PBXBuildFile; fileRef = 4ADD55352C17300D0026BD08 /* UILabel+Extension.swift */; };
		4ADD553D2C1730610026BD08 /* MovieCell.swift in Sources */ = {isa = PBXBuildFile; fileRef = 4ADD553A2C1730610026BD08 /* MovieCell.swift */; };
		4ADD553E2C1730610026BD08 /* MovieCell.xib in Resources */ = {isa = PBXBuildFile; fileRef = 4ADD553B2C1730610026BD08 /* MovieCell.xib */; };
		4ADD553F2C1730610026BD08 /* MoviesFeed.storyboard in Resources */ = {isa = PBXBuildFile; fileRef = 4ADD553C2C1730610026BD08 /* MoviesFeed.storyboard */; };
		4ADD55422C1730930026BD08 /* MoviesCellController.swift in Sources */ = {isa = PBXBuildFile; fileRef = 4ADD55402C1730930026BD08 /* MoviesCellController.swift */; };
		4ADD55432C1730930026BD08 /* MoviesFeedViewController.swift in Sources */ = {isa = PBXBuildFile; fileRef = 4ADD55412C1730930026BD08 /* MoviesFeedViewController.swift */; };
		4ADD55462C1730B20026BD08 /* MoviesCellViewModel.swift in Sources */ = {isa = PBXBuildFile; fileRef = 4ADD55442C1730B20026BD08 /* MoviesCellViewModel.swift */; };
		4ADD55472C1730B20026BD08 /* MoviesFeedViewModel.swift in Sources */ = {isa = PBXBuildFile; fileRef = 4ADD55452C1730B20026BD08 /* MoviesFeedViewModel.swift */; };
		4ADD554A2C17310C0026BD08 /* MoviesFeed.strings in Resources */ = {isa = PBXBuildFile; fileRef = 4ADD55482C17310C0026BD08 /* MoviesFeed.strings */; };
		4ADD554C2C17312C0026BD08 /* Localized.swift in Sources */ = {isa = PBXBuildFile; fileRef = 4ADD554B2C17312C0026BD08 /* Localized.swift */; };
		4ADD554E2C1731D40026BD08 /* MainQueueDispatchDecorator.swift in Sources */ = {isa = PBXBuildFile; fileRef = 4ADD554D2C1731D40026BD08 /* MainQueueDispatchDecorator.swift */; };
		4ADD55502C1731FF0026BD08 /* MoviesFeedUIComposer.swift in Sources */ = {isa = PBXBuildFile; fileRef = 4ADD554F2C1731FF0026BD08 /* MoviesFeedUIComposer.swift */; };
		4ADD55622C1763D40026BD08 /* MoviesSearch.storyboard in Resources */ = {isa = PBXBuildFile; fileRef = 4ADD55612C1763D40026BD08 /* MoviesSearch.storyboard */; };
		4ADD55642C1763FA0026BD08 /* MoviesSearchViewController.swift in Sources */ = {isa = PBXBuildFile; fileRef = 4ADD55632C1763FA0026BD08 /* MoviesSearchViewController.swift */; };
		4ADD55662C1764140026BD08 /* MoviesSearchViewModel.swift in Sources */ = {isa = PBXBuildFile; fileRef = 4ADD55652C1764140026BD08 /* MoviesSearchViewModel.swift */; };
		4ADD55682C1765AD0026BD08 /* MoviesSearchUIComposer.swift in Sources */ = {isa = PBXBuildFile; fileRef = 4ADD55672C1765AD0026BD08 /* MoviesSearchUIComposer.swift */; };
/* End PBXBuildFile section */

/* Begin PBXContainerItemProxy section */
		4ADD54D62C16C5CD0026BD08 /* PBXContainerItemProxy */ = {
			isa = PBXContainerItemProxy;
			containerPortal = 4ADD54B72C16C5CC0026BD08 /* Project object */;
			proxyType = 1;
			remoteGlobalIDString = 4ADD54BE2C16C5CC0026BD08;
			remoteInfo = DiagnalApp;
		};
/* End PBXContainerItemProxy section */

/* Begin PBXFileReference section */
		4ADD54BF2C16C5CC0026BD08 /* DiagnalApp.app */ = {isa = PBXFileReference; explicitFileType = wrapper.application; includeInIndex = 0; path = DiagnalApp.app; sourceTree = BUILT_PRODUCTS_DIR; };
		4ADD54C22C16C5CC0026BD08 /* AppDelegate.swift */ = {isa = PBXFileReference; lastKnownFileType = sourcecode.swift; path = AppDelegate.swift; sourceTree = "<group>"; };
		4ADD54C42C16C5CC0026BD08 /* SceneDelegate.swift */ = {isa = PBXFileReference; lastKnownFileType = sourcecode.swift; path = SceneDelegate.swift; sourceTree = "<group>"; };
		4ADD54C62C16C5CC0026BD08 /* ViewController.swift */ = {isa = PBXFileReference; lastKnownFileType = sourcecode.swift; path = ViewController.swift; sourceTree = "<group>"; };
		4ADD54C92C16C5CC0026BD08 /* Base */ = {isa = PBXFileReference; lastKnownFileType = file.storyboard; name = Base; path = Base.lproj/Main.storyboard; sourceTree = "<group>"; };
		4ADD54CB2C16C5CD0026BD08 /* Assets.xcassets */ = {isa = PBXFileReference; lastKnownFileType = folder.assetcatalog; path = Assets.xcassets; sourceTree = "<group>"; };
		4ADD54CE2C16C5CD0026BD08 /* Base */ = {isa = PBXFileReference; lastKnownFileType = file.storyboard; name = Base; path = Base.lproj/LaunchScreen.storyboard; sourceTree = "<group>"; };
		4ADD54D02C16C5CD0026BD08 /* Info.plist */ = {isa = PBXFileReference; lastKnownFileType = text.plist.xml; path = Info.plist; sourceTree = "<group>"; };
		4ADD54D52C16C5CD0026BD08 /* DiagnalAppTests.xctest */ = {isa = PBXFileReference; explicitFileType = wrapper.cfbundle; includeInIndex = 0; path = DiagnalAppTests.xctest; sourceTree = BUILT_PRODUCTS_DIR; };
		4ADD54D92C16C5CD0026BD08 /* DiagnalAppTests.swift */ = {isa = PBXFileReference; lastKnownFileType = sourcecode.swift; path = DiagnalAppTests.swift; sourceTree = "<group>"; };
		4ADD54F22C16C6CF0026BD08 /* DiagnalApp.xctestplan */ = {isa = PBXFileReference; lastKnownFileType = text; path = DiagnalApp.xctestplan; sourceTree = "<group>"; };
		4ADD54F72C16CAF80026BD08 /* CONTENTLISTINGPAGE-PAGE2.json */ = {isa = PBXFileReference; fileEncoding = 4; lastKnownFileType = text.json; path = "CONTENTLISTINGPAGE-PAGE2.json"; sourceTree = "<group>"; };
		4ADD54F82C16CAF80026BD08 /* CONTENTLISTINGPAGE-PAGE1.json */ = {isa = PBXFileReference; fileEncoding = 4; lastKnownFileType = text.json; path = "CONTENTLISTINGPAGE-PAGE1.json"; sourceTree = "<group>"; };
		4ADD54F92C16CAF80026BD08 /* CONTENTLISTINGPAGE-PAGE3.json */ = {isa = PBXFileReference; fileEncoding = 4; lastKnownFileType = text.json; path = "CONTENTLISTINGPAGE-PAGE3.json"; sourceTree = "<group>"; };
		4ADD54FD2C16CB1A0026BD08 /* TitilliumWeb-Light.ttf */ = {isa = PBXFileReference; lastKnownFileType = file; path = "TitilliumWeb-Light.ttf"; sourceTree = "<group>"; };
		4ADD54FE2C16CB1A0026BD08 /* TitilliumWeb-Regular.ttf */ = {isa = PBXFileReference; lastKnownFileType = file; path = "TitilliumWeb-Regular.ttf"; sourceTree = "<group>"; };
		4ADD55012C16CB410026BD08 /* poster4.jpg */ = {isa = PBXFileReference; lastKnownFileType = image.jpeg; path = poster4.jpg; sourceTree = "<group>"; };
		4ADD55022C16CB410026BD08 /* poster8.jpg */ = {isa = PBXFileReference; lastKnownFileType = image.jpeg; path = poster8.jpg; sourceTree = "<group>"; };
		4ADD55032C16CB410026BD08 /* poster2.jpg */ = {isa = PBXFileReference; lastKnownFileType = image.jpeg; path = poster2.jpg; sourceTree = "<group>"; };
		4ADD55042C16CB410026BD08 /* poster5.jpg */ = {isa = PBXFileReference; lastKnownFileType = image.jpeg; path = poster5.jpg; sourceTree = "<group>"; };
		4ADD55052C16CB410026BD08 /* poster1.jpg */ = {isa = PBXFileReference; lastKnownFileType = image.jpeg; path = poster1.jpg; sourceTree = "<group>"; };
		4ADD55062C16CB410026BD08 /* placeholder_for_missing_posters.png */ = {isa = PBXFileReference; lastKnownFileType = image.png; path = placeholder_for_missing_posters.png; sourceTree = "<group>"; };
		4ADD55072C16CB410026BD08 /* poster6.jpg */ = {isa = PBXFileReference; lastKnownFileType = image.jpeg; path = poster6.jpg; sourceTree = "<group>"; };
		4ADD55082C16CB410026BD08 /* poster7.jpg */ = {isa = PBXFileReference; lastKnownFileType = image.jpeg; path = poster7.jpg; sourceTree = "<group>"; };
		4ADD55092C16CB410026BD08 /* poster9.jpg */ = {isa = PBXFileReference; lastKnownFileType = image.jpeg; path = poster9.jpg; sourceTree = "<group>"; };
		4ADD550A2C16CB410026BD08 /* poster3.jpg */ = {isa = PBXFileReference; lastKnownFileType = image.jpeg; path = poster3.jpg; sourceTree = "<group>"; };
		4ADD55162C16CC1A0026BD08 /* UIFont+Ext.swift */ = {isa = PBXFileReference; lastKnownFileType = sourcecode.swift; path = "UIFont+Ext.swift"; sourceTree = "<group>"; };
		4ADD551A2C16D2450026BD08 /* MoviesFeed.swift */ = {isa = PBXFileReference; lastKnownFileType = sourcecode.swift; path = MoviesFeed.swift; sourceTree = "<group>"; };
		4ADD551C2C16D2A70026BD08 /* MoviesFeedLoader.swift */ = {isa = PBXFileReference; lastKnownFileType = sourcecode.swift; path = MoviesFeedLoader.swift; sourceTree = "<group>"; };
		4ADD551F2C16D3590026BD08 /* FileLoaderClient.swift */ = {isa = PBXFileReference; lastKnownFileType = sourcecode.swift; path = FileLoaderClient.swift; sourceTree = "<group>"; };
		4ADD55222C16D40F0026BD08 /* RemoteMockedMoviesFeedLoader.swift */ = {isa = PBXFileReference; lastKnownFileType = sourcecode.swift; path = RemoteMockedMoviesFeedLoader.swift; sourceTree = "<group>"; };
		4ADD55242C16D53B0026BD08 /* LoadMoviesFeedFromRemoteMockedUseCaseTests.swift */ = {isa = PBXFileReference; lastKnownFileType = sourcecode.swift; path = LoadMoviesFeedFromRemoteMockedUseCaseTests.swift; sourceTree = "<group>"; };
		4ADD55272C16D5ED0026BD08 /* XCTestCase+MemoryLeakTracking.swift */ = {isa = PBXFileReference; lastKnownFileType = sourcecode.swift; path = "XCTestCase+MemoryLeakTracking.swift"; sourceTree = "<group>"; };
		4ADD55292C16D62C0026BD08 /* FileLoaderClientSpy.swift */ = {isa = PBXFileReference; lastKnownFileType = sourcecode.swift; path = FileLoaderClientSpy.swift; sourceTree = "<group>"; };
		4ADD552B2C16EDA50026BD08 /* MoviesFeedMapper.swift */ = {isa = PBXFileReference; lastKnownFileType = sourcecode.swift; path = MoviesFeedMapper.swift; sourceTree = "<group>"; };
		4ADD552D2C170F760026BD08 /* JSONFileLoaderClient.swift */ = {isa = PBXFileReference; lastKnownFileType = sourcecode.swift; path = JSONFileLoaderClient.swift; sourceTree = "<group>"; };
		4ADD55332C17300D0026BD08 /* UICollectionView+Dequeuing.swift */ = {isa = PBXFileReference; fileEncoding = 4; lastKnownFileType = sourcecode.swift; path = "UICollectionView+Dequeuing.swift"; sourceTree = "<group>"; };
		4ADD55342C17300D0026BD08 /* UIImageView+Animations.swift */ = {isa = PBXFileReference; fileEncoding = 4; lastKnownFileType = sourcecode.swift; path = "UIImageView+Animations.swift"; sourceTree = "<group>"; };
		4ADD55352C17300D0026BD08 /* UILabel+Extension.swift */ = {isa = PBXFileReference; fileEncoding = 4; lastKnownFileType = sourcecode.swift; path = "UILabel+Extension.swift"; sourceTree = "<group>"; };
		4ADD553A2C1730610026BD08 /* MovieCell.swift */ = {isa = PBXFileReference; fileEncoding = 4; lastKnownFileType = sourcecode.swift; path = MovieCell.swift; sourceTree = "<group>"; };
		4ADD553B2C1730610026BD08 /* MovieCell.xib */ = {isa = PBXFileReference; fileEncoding = 4; lastKnownFileType = file.xib; path = MovieCell.xib; sourceTree = "<group>"; };
		4ADD553C2C1730610026BD08 /* MoviesFeed.storyboard */ = {isa = PBXFileReference; fileEncoding = 4; lastKnownFileType = file.storyboard; path = MoviesFeed.storyboard; sourceTree = "<group>"; };
		4ADD55402C1730930026BD08 /* MoviesCellController.swift */ = {isa = PBXFileReference; fileEncoding = 4; lastKnownFileType = sourcecode.swift; path = MoviesCellController.swift; sourceTree = "<group>"; };
		4ADD55412C1730930026BD08 /* MoviesFeedViewController.swift */ = {isa = PBXFileReference; fileEncoding = 4; lastKnownFileType = sourcecode.swift; path = MoviesFeedViewController.swift; sourceTree = "<group>"; };
		4ADD55442C1730B20026BD08 /* MoviesCellViewModel.swift */ = {isa = PBXFileReference; fileEncoding = 4; lastKnownFileType = sourcecode.swift; path = MoviesCellViewModel.swift; sourceTree = "<group>"; };
		4ADD55452C1730B20026BD08 /* MoviesFeedViewModel.swift */ = {isa = PBXFileReference; fileEncoding = 4; lastKnownFileType = sourcecode.swift; path = MoviesFeedViewModel.swift; sourceTree = "<group>"; };
		4ADD55492C17310C0026BD08 /* en */ = {isa = PBXFileReference; lastKnownFileType = text.plist.strings; name = en; path = en.lproj/MoviesFeed.strings; sourceTree = "<group>"; };
		4ADD554B2C17312C0026BD08 /* Localized.swift */ = {isa = PBXFileReference; lastKnownFileType = sourcecode.swift; path = Localized.swift; sourceTree = "<group>"; };
		4ADD554D2C1731D40026BD08 /* MainQueueDispatchDecorator.swift */ = {isa = PBXFileReference; lastKnownFileType = sourcecode.swift; path = MainQueueDispatchDecorator.swift; sourceTree = "<group>"; };
		4ADD554F2C1731FF0026BD08 /* MoviesFeedUIComposer.swift */ = {isa = PBXFileReference; lastKnownFileType = sourcecode.swift; path = MoviesFeedUIComposer.swift; sourceTree = "<group>"; };
		4ADD55612C1763D40026BD08 /* MoviesSearch.storyboard */ = {isa = PBXFileReference; fileEncoding = 4; lastKnownFileType = file.storyboard; path = MoviesSearch.storyboard; sourceTree = "<group>"; };
		4ADD55632C1763FA0026BD08 /* MoviesSearchViewController.swift */ = {isa = PBXFileReference; fileEncoding = 4; lastKnownFileType = sourcecode.swift; path = MoviesSearchViewController.swift; sourceTree = "<group>"; };
		4ADD55652C1764140026BD08 /* MoviesSearchViewModel.swift */ = {isa = PBXFileReference; fileEncoding = 4; lastKnownFileType = sourcecode.swift; path = MoviesSearchViewModel.swift; sourceTree = "<group>"; };
		4ADD55672C1765AD0026BD08 /* MoviesSearchUIComposer.swift */ = {isa = PBXFileReference; fileEncoding = 4; lastKnownFileType = sourcecode.swift; path = MoviesSearchUIComposer.swift; sourceTree = "<group>"; };
/* End PBXFileReference section */

/* Begin PBXFrameworksBuildPhase section */
		4ADD54BC2C16C5CC0026BD08 /* Frameworks */ = {
			isa = PBXFrameworksBuildPhase;
			buildActionMask = 2147483647;
			files = (
			);
			runOnlyForDeploymentPostprocessing = 0;
		};
		4ADD54D22C16C5CD0026BD08 /* Frameworks */ = {
			isa = PBXFrameworksBuildPhase;
			buildActionMask = 2147483647;
			files = (
			);
			runOnlyForDeploymentPostprocessing = 0;
		};
/* End PBXFrameworksBuildPhase section */

/* Begin PBXGroup section */
		4ADD54B62C16C5CC0026BD08 = {
			isa = PBXGroup;
			children = (
				4ADD54F22C16C6CF0026BD08 /* DiagnalApp.xctestplan */,
				4ADD54C12C16C5CC0026BD08 /* DiagnalApp */,
				4ADD54D82C16C5CD0026BD08 /* DiagnalAppTests */,
				4ADD54C02C16C5CC0026BD08 /* Products */,
			);
			sourceTree = "<group>";
		};
		4ADD54C02C16C5CC0026BD08 /* Products */ = {
			isa = PBXGroup;
			children = (
				4ADD54BF2C16C5CC0026BD08 /* DiagnalApp.app */,
				4ADD54D52C16C5CD0026BD08 /* DiagnalAppTests.xctest */,
			);
			name = Products;
			sourceTree = "<group>";
		};
		4ADD54C12C16C5CC0026BD08 /* DiagnalApp */ = {
			isa = PBXGroup;
			children = (
				4ADD55482C17310C0026BD08 /* MoviesFeed.strings */,
				4ADD554B2C17312C0026BD08 /* Localized.swift */,
				4ADD555D2C1763820026BD08 /* MoviesSearch */,
				4ADD55182C16D1FC0026BD08 /* MoviesFeed */,
				4ADD55152C16CBF60026BD08 /* Help */,
				4ADD54C22C16C5CC0026BD08 /* AppDelegate.swift */,
				4ADD54C42C16C5CC0026BD08 /* SceneDelegate.swift */,
				4ADD554F2C1731FF0026BD08 /* MoviesFeedUIComposer.swift */,
				4ADD55672C1765AD0026BD08 /* MoviesSearchUIComposer.swift */,
				4ADD554D2C1731D40026BD08 /* MainQueueDispatchDecorator.swift */,
				4ADD54C62C16C5CC0026BD08 /* ViewController.swift */,
				4ADD54C82C16C5CC0026BD08 /* Main.storyboard */,
				4ADD54CB2C16C5CD0026BD08 /* Assets.xcassets */,
				4ADD54CD2C16C5CD0026BD08 /* LaunchScreen.storyboard */,
				4ADD54D02C16C5CD0026BD08 /* Info.plist */,
				4ADD54F32C16CAA40026BD08 /* Resources */,
			);
			path = DiagnalApp;
			sourceTree = "<group>";
		};
		4ADD54D82C16C5CD0026BD08 /* DiagnalAppTests */ = {
			isa = PBXGroup;
			children = (
				4ADD55262C16D5C10026BD08 /* Helpers */,
				4ADD54D92C16C5CD0026BD08 /* DiagnalAppTests.swift */,
				4ADD55242C16D53B0026BD08 /* LoadMoviesFeedFromRemoteMockedUseCaseTests.swift */,
			);
			path = DiagnalAppTests;
			sourceTree = "<group>";
		};
		4ADD54F32C16CAA40026BD08 /* Resources */ = {
			isa = PBXGroup;
			children = (
				4ADD54F62C16CACA0026BD08 /* PosterImages */,
				4ADD54F52C16CAC30026BD08 /* Fonts */,
				4ADD54F42C16CAB10026BD08 /* JSON */,
			);
			path = Resources;
			sourceTree = "<group>";
		};
		4ADD54F42C16CAB10026BD08 /* JSON */ = {
			isa = PBXGroup;
			children = (
				4ADD54F82C16CAF80026BD08 /* CONTENTLISTINGPAGE-PAGE1.json */,
				4ADD54F72C16CAF80026BD08 /* CONTENTLISTINGPAGE-PAGE2.json */,
				4ADD54F92C16CAF80026BD08 /* CONTENTLISTINGPAGE-PAGE3.json */,
			);
			path = JSON;
			sourceTree = "<group>";
		};
		4ADD54F52C16CAC30026BD08 /* Fonts */ = {
			isa = PBXGroup;
			children = (
				4ADD54FD2C16CB1A0026BD08 /* TitilliumWeb-Light.ttf */,
				4ADD54FE2C16CB1A0026BD08 /* TitilliumWeb-Regular.ttf */,
			);
			path = Fonts;
			sourceTree = "<group>";
		};
		4ADD54F62C16CACA0026BD08 /* PosterImages */ = {
			isa = PBXGroup;
			children = (
				4ADD55062C16CB410026BD08 /* placeholder_for_missing_posters.png */,
				4ADD55052C16CB410026BD08 /* poster1.jpg */,
				4ADD55032C16CB410026BD08 /* poster2.jpg */,
				4ADD550A2C16CB410026BD08 /* poster3.jpg */,
				4ADD55012C16CB410026BD08 /* poster4.jpg */,
				4ADD55042C16CB410026BD08 /* poster5.jpg */,
				4ADD55072C16CB410026BD08 /* poster6.jpg */,
				4ADD55082C16CB410026BD08 /* poster7.jpg */,
				4ADD55022C16CB410026BD08 /* poster8.jpg */,
				4ADD55092C16CB410026BD08 /* poster9.jpg */,
			);
			path = PosterImages;
			sourceTree = "<group>";
		};
		4ADD55152C16CBF60026BD08 /* Help */ = {
			isa = PBXGroup;
			children = (
				4ADD55162C16CC1A0026BD08 /* UIFont+Ext.swift */,
			);
			path = Help;
			sourceTree = "<group>";
		};
		4ADD55182C16D1FC0026BD08 /* MoviesFeed */ = {
			isa = PBXGroup;
			children = (
				4ADD552F2C172F9F0026BD08 /* UI */,
				4ADD551E2C16D33D0026BD08 /* FileLoader */,
				4ADD55212C16D3EC0026BD08 /* RemoteMocked */,
				4ADD55192C16D20C0026BD08 /* Feature */,
			);
			path = MoviesFeed;
			sourceTree = "<group>";
		};
		4ADD55192C16D20C0026BD08 /* Feature */ = {
			isa = PBXGroup;
			children = (
				4ADD551A2C16D2450026BD08 /* MoviesFeed.swift */,
				4ADD551C2C16D2A70026BD08 /* MoviesFeedLoader.swift */,
			);
			path = Feature;
			sourceTree = "<group>";
		};
		4ADD551E2C16D33D0026BD08 /* FileLoader */ = {
			isa = PBXGroup;
			children = (
				4ADD551F2C16D3590026BD08 /* FileLoaderClient.swift */,
				4ADD552D2C170F760026BD08 /* JSONFileLoaderClient.swift */,
			);
			path = FileLoader;
			sourceTree = "<group>";
		};
		4ADD55212C16D3EC0026BD08 /* RemoteMocked */ = {
			isa = PBXGroup;
			children = (
				4ADD552B2C16EDA50026BD08 /* MoviesFeedMapper.swift */,
				4ADD55222C16D40F0026BD08 /* RemoteMockedMoviesFeedLoader.swift */,
			);
			path = RemoteMocked;
			sourceTree = "<group>";
		};
		4ADD55262C16D5C10026BD08 /* Helpers */ = {
			isa = PBXGroup;
			children = (
				4ADD55272C16D5ED0026BD08 /* XCTestCase+MemoryLeakTracking.swift */,
				4ADD55292C16D62C0026BD08 /* FileLoaderClientSpy.swift */,
			);
			path = Helpers;
			sourceTree = "<group>";
		};
		4ADD552F2C172F9F0026BD08 /* UI */ = {
			isa = PBXGroup;
			children = (
				4ADD55322C172FC80026BD08 /* ViewModels */,
				4ADD55312C172FBF0026BD08 /* Controllers */,
				4ADD55302C172FAA0026BD08 /* Views */,
			);
			path = UI;
			sourceTree = "<group>";
		};
		4ADD55302C172FAA0026BD08 /* Views */ = {
			isa = PBXGroup;
			children = (
				4ADD55392C17302F0026BD08 /* Helpers */,
				4ADD553A2C1730610026BD08 /* MovieCell.swift */,
				4ADD553B2C1730610026BD08 /* MovieCell.xib */,
				4ADD553C2C1730610026BD08 /* MoviesFeed.storyboard */,
			);
			path = Views;
			sourceTree = "<group>";
		};
		4ADD55312C172FBF0026BD08 /* Controllers */ = {
			isa = PBXGroup;
			children = (
				4ADD55402C1730930026BD08 /* MoviesCellController.swift */,
				4ADD55412C1730930026BD08 /* MoviesFeedViewController.swift */,
			);
			path = Controllers;
			sourceTree = "<group>";
		};
		4ADD55322C172FC80026BD08 /* ViewModels */ = {
			isa = PBXGroup;
			children = (
				4ADD55442C1730B20026BD08 /* MoviesCellViewModel.swift */,
				4ADD55452C1730B20026BD08 /* MoviesFeedViewModel.swift */,
			);
			path = ViewModels;
			sourceTree = "<group>";
		};
		4ADD55392C17302F0026BD08 /* Helpers */ = {
			isa = PBXGroup;
			children = (
				4ADD55332C17300D0026BD08 /* UICollectionView+Dequeuing.swift */,
				4ADD55342C17300D0026BD08 /* UIImageView+Animations.swift */,
				4ADD55352C17300D0026BD08 /* UILabel+Extension.swift */,
			);
			path = Helpers;
			sourceTree = "<group>";
		};
		4ADD555D2C1763820026BD08 /* MoviesSearch */ = {
			isa = PBXGroup;
			children = (
				4ADD55602C1763B40026BD08 /* ViewModels */,
				4ADD555F2C1763AA0026BD08 /* Controllers */,
				4ADD555E2C1763A30026BD08 /* Views */,
			);
			path = MoviesSearch;
			sourceTree = "<group>";
		};
		4ADD555E2C1763A30026BD08 /* Views */ = {
			isa = PBXGroup;
			children = (
				4ADD55612C1763D40026BD08 /* MoviesSearch.storyboard */,
			);
			path = Views;
			sourceTree = "<group>";
		};
		4ADD555F2C1763AA0026BD08 /* Controllers */ = {
			isa = PBXGroup;
			children = (
				4ADD55632C1763FA0026BD08 /* MoviesSearchViewController.swift */,
			);
			path = Controllers;
			sourceTree = "<group>";
		};
		4ADD55602C1763B40026BD08 /* ViewModels */ = {
			isa = PBXGroup;
			children = (
				4ADD55652C1764140026BD08 /* MoviesSearchViewModel.swift */,
			);
			path = ViewModels;
			sourceTree = "<group>";
		};
/* End PBXGroup section */

/* Begin PBXNativeTarget section */
		4ADD54BE2C16C5CC0026BD08 /* DiagnalApp */ = {
			isa = PBXNativeTarget;
			buildConfigurationList = 4ADD54E92C16C5CD0026BD08 /* Build configuration list for PBXNativeTarget "DiagnalApp" */;
			buildPhases = (
				4ADD54BB2C16C5CC0026BD08 /* Sources */,
				4ADD54BC2C16C5CC0026BD08 /* Frameworks */,
				4ADD54BD2C16C5CC0026BD08 /* Resources */,
			);
			buildRules = (
			);
			dependencies = (
			);
			name = DiagnalApp;
			productName = DiagnalApp;
			productReference = 4ADD54BF2C16C5CC0026BD08 /* DiagnalApp.app */;
			productType = "com.apple.product-type.application";
		};
		4ADD54D42C16C5CD0026BD08 /* DiagnalAppTests */ = {
			isa = PBXNativeTarget;
			buildConfigurationList = 4ADD54EC2C16C5CD0026BD08 /* Build configuration list for PBXNativeTarget "DiagnalAppTests" */;
			buildPhases = (
				4ADD54D12C16C5CD0026BD08 /* Sources */,
				4ADD54D22C16C5CD0026BD08 /* Frameworks */,
				4ADD54D32C16C5CD0026BD08 /* Resources */,
			);
			buildRules = (
			);
			dependencies = (
				4ADD54D72C16C5CD0026BD08 /* PBXTargetDependency */,
			);
			name = DiagnalAppTests;
			productName = DiagnalAppTests;
			productReference = 4ADD54D52C16C5CD0026BD08 /* DiagnalAppTests.xctest */;
			productType = "com.apple.product-type.bundle.unit-test";
		};
/* End PBXNativeTarget section */

/* Begin PBXProject section */
		4ADD54B72C16C5CC0026BD08 /* Project object */ = {
			isa = PBXProject;
			attributes = {
				BuildIndependentTargetsInParallel = 1;
				LastSwiftUpdateCheck = 1530;
				LastUpgradeCheck = 1530;
				TargetAttributes = {
					4ADD54BE2C16C5CC0026BD08 = {
						CreatedOnToolsVersion = 15.3;
					};
					4ADD54D42C16C5CD0026BD08 = {
						CreatedOnToolsVersion = 15.3;
						TestTargetID = 4ADD54BE2C16C5CC0026BD08;
					};
				};
			};
			buildConfigurationList = 4ADD54BA2C16C5CC0026BD08 /* Build configuration list for PBXProject "DiagnalApp" */;
			compatibilityVersion = "Xcode 14.0";
			developmentRegion = en;
			hasScannedForEncodings = 0;
			knownRegions = (
				en,
				Base,
			);
			mainGroup = 4ADD54B62C16C5CC0026BD08;
			productRefGroup = 4ADD54C02C16C5CC0026BD08 /* Products */;
			projectDirPath = "";
			projectRoot = "";
			targets = (
				4ADD54BE2C16C5CC0026BD08 /* DiagnalApp */,
				4ADD54D42C16C5CD0026BD08 /* DiagnalAppTests */,
			);
		};
/* End PBXProject section */

/* Begin PBXResourcesBuildPhase section */
		4ADD54BD2C16C5CC0026BD08 /* Resources */ = {
			isa = PBXResourcesBuildPhase;
			buildActionMask = 2147483647;
			files = (
				4ADD54CC2C16C5CD0026BD08 /* Assets.xcassets in Resources */,
				4ADD55102C16CB410026BD08 /* placeholder_for_missing_posters.png in Resources */,
				4ADD55142C16CB410026BD08 /* poster3.jpg in Resources */,
				4ADD54CF2C16C5CD0026BD08 /* Base in Resources */,
				4ADD54FC2C16CAF80026BD08 /* CONTENTLISTINGPAGE-PAGE3.json in Resources */,
				4ADD54FF2C16CB1A0026BD08 /* TitilliumWeb-Light.ttf in Resources */,
				4ADD54FB2C16CAF80026BD08 /* CONTENTLISTINGPAGE-PAGE1.json in Resources */,
				4ADD550F2C16CB410026BD08 /* poster1.jpg in Resources */,
				4ADD55132C16CB410026BD08 /* poster9.jpg in Resources */,
				4ADD55622C1763D40026BD08 /* MoviesSearch.storyboard in Resources */,
				4ADD54CA2C16C5CC0026BD08 /* Base in Resources */,
				4ADD554A2C17310C0026BD08 /* MoviesFeed.strings in Resources */,
				4ADD55002C16CB1A0026BD08 /* TitilliumWeb-Regular.ttf in Resources */,
				4ADD550D2C16CB410026BD08 /* poster2.jpg in Resources */,
				4ADD550E2C16CB410026BD08 /* poster5.jpg in Resources */,
				4ADD55112C16CB410026BD08 /* poster6.jpg in Resources */,
				4ADD54FA2C16CAF80026BD08 /* CONTENTLISTINGPAGE-PAGE2.json in Resources */,
				4ADD553F2C1730610026BD08 /* MoviesFeed.storyboard in Resources */,
				4ADD550B2C16CB410026BD08 /* poster4.jpg in Resources */,
				4ADD55122C16CB410026BD08 /* poster7.jpg in Resources */,
				4ADD550C2C16CB410026BD08 /* poster8.jpg in Resources */,
				4ADD553E2C1730610026BD08 /* MovieCell.xib in Resources */,
			);
			runOnlyForDeploymentPostprocessing = 0;
		};
		4ADD54D32C16C5CD0026BD08 /* Resources */ = {
			isa = PBXResourcesBuildPhase;
			buildActionMask = 2147483647;
			files = (
			);
			runOnlyForDeploymentPostprocessing = 0;
		};
/* End PBXResourcesBuildPhase section */

/* Begin PBXSourcesBuildPhase section */
		4ADD54BB2C16C5CC0026BD08 /* Sources */ = {
			isa = PBXSourcesBuildPhase;
			buildActionMask = 2147483647;
			files = (
				4ADD553D2C1730610026BD08 /* MovieCell.swift in Sources */,
				4ADD55422C1730930026BD08 /* MoviesCellController.swift in Sources */,
				4ADD55172C16CC1A0026BD08 /* UIFont+Ext.swift in Sources */,
				4ADD54C72C16C5CC0026BD08 /* ViewController.swift in Sources */,
				4ADD55232C16D40F0026BD08 /* RemoteMockedMoviesFeedLoader.swift in Sources */,
				4ADD55472C1730B20026BD08 /* MoviesFeedViewModel.swift in Sources */,
				4ADD55682C1765AD0026BD08 /* MoviesSearchUIComposer.swift in Sources */,
				4ADD55502C1731FF0026BD08 /* MoviesFeedUIComposer.swift in Sources */,
				4ADD54C32C16C5CC0026BD08 /* AppDelegate.swift in Sources */,
				4ADD551B2C16D2450026BD08 /* MoviesFeed.swift in Sources */,
				4ADD55362C17300D0026BD08 /* UICollectionView+Dequeuing.swift in Sources */,
				4ADD55642C1763FA0026BD08 /* MoviesSearchViewController.swift in Sources */,
				4ADD552C2C16EDA50026BD08 /* MoviesFeedMapper.swift in Sources */,
				4ADD554C2C17312C0026BD08 /* Localized.swift in Sources */,
				4ADD54C52C16C5CC0026BD08 /* SceneDelegate.swift in Sources */,
				4ADD55202C16D3590026BD08 /* FileLoaderClient.swift in Sources */,
				4ADD55372C17300D0026BD08 /* UIImageView+Animations.swift in Sources */,
				4ADD551D2C16D2A70026BD08 /* MoviesFeedLoader.swift in Sources */,
				4ADD55462C1730B20026BD08 /* MoviesCellViewModel.swift in Sources */,
				4ADD554E2C1731D40026BD08 /* MainQueueDispatchDecorator.swift in Sources */,
				4ADD55382C17300D0026BD08 /* UILabel+Extension.swift in Sources */,
				4ADD552E2C170F760026BD08 /* JSONFileLoaderClient.swift in Sources */,
				4ADD55662C1764140026BD08 /* MoviesSearchViewModel.swift in Sources */,
				4ADD55432C1730930026BD08 /* MoviesFeedViewController.swift in Sources */,
			);
			runOnlyForDeploymentPostprocessing = 0;
		};
		4ADD54D12C16C5CD0026BD08 /* Sources */ = {
			isa = PBXSourcesBuildPhase;
			buildActionMask = 2147483647;
			files = (
				4ADD54DA2C16C5CD0026BD08 /* DiagnalAppTests.swift in Sources */,
				4ADD55252C16D53B0026BD08 /* LoadMoviesFeedFromRemoteMockedUseCaseTests.swift in Sources */,
				4ADD552A2C16D62C0026BD08 /* FileLoaderClientSpy.swift in Sources */,
				4ADD55282C16D5ED0026BD08 /* XCTestCase+MemoryLeakTracking.swift in Sources */,
			);
			runOnlyForDeploymentPostprocessing = 0;
		};
/* End PBXSourcesBuildPhase section */

/* Begin PBXTargetDependency section */
		4ADD54D72C16C5CD0026BD08 /* PBXTargetDependency */ = {
			isa = PBXTargetDependency;
			target = 4ADD54BE2C16C5CC0026BD08 /* DiagnalApp */;
			targetProxy = 4ADD54D62C16C5CD0026BD08 /* PBXContainerItemProxy */;
		};
/* End PBXTargetDependency section */

/* Begin PBXVariantGroup section */
		4ADD54C82C16C5CC0026BD08 /* Main.storyboard */ = {
			isa = PBXVariantGroup;
			children = (
				4ADD54C92C16C5CC0026BD08 /* Base */,
			);
			name = Main.storyboard;
			sourceTree = "<group>";
		};
		4ADD54CD2C16C5CD0026BD08 /* LaunchScreen.storyboard */ = {
			isa = PBXVariantGroup;
			children = (
				4ADD54CE2C16C5CD0026BD08 /* Base */,
			);
			name = LaunchScreen.storyboard;
			sourceTree = "<group>";
		};
		4ADD55482C17310C0026BD08 /* MoviesFeed.strings */ = {
			isa = PBXVariantGroup;
			children = (
				4ADD55492C17310C0026BD08 /* en */,
			);
			name = MoviesFeed.strings;
			sourceTree = "<group>";
		};
/* End PBXVariantGroup section */

/* Begin XCBuildConfiguration section */
		4ADD54E72C16C5CD0026BD08 /* Debug */ = {
			isa = XCBuildConfiguration;
			buildSettings = {
				ALWAYS_SEARCH_USER_PATHS = NO;
				ASSETCATALOG_COMPILER_GENERATE_SWIFT_ASSET_SYMBOL_EXTENSIONS = YES;
				CLANG_ANALYZER_NONNULL = YES;
				CLANG_ANALYZER_NUMBER_OBJECT_CONVERSION = YES_AGGRESSIVE;
				CLANG_CXX_LANGUAGE_STANDARD = "gnu++20";
				CLANG_ENABLE_MODULES = YES;
				CLANG_ENABLE_OBJC_ARC = YES;
				CLANG_ENABLE_OBJC_WEAK = YES;
				CLANG_WARN_BLOCK_CAPTURE_AUTORELEASING = YES;
				CLANG_WARN_BOOL_CONVERSION = YES;
				CLANG_WARN_COMMA = YES;
				CLANG_WARN_CONSTANT_CONVERSION = YES;
				CLANG_WARN_DEPRECATED_OBJC_IMPLEMENTATIONS = YES;
				CLANG_WARN_DIRECT_OBJC_ISA_USAGE = YES_ERROR;
				CLANG_WARN_DOCUMENTATION_COMMENTS = YES;
				CLANG_WARN_EMPTY_BODY = YES;
				CLANG_WARN_ENUM_CONVERSION = YES;
				CLANG_WARN_INFINITE_RECURSION = YES;
				CLANG_WARN_INT_CONVERSION = YES;
				CLANG_WARN_NON_LITERAL_NULL_CONVERSION = YES;
				CLANG_WARN_OBJC_IMPLICIT_RETAIN_SELF = YES;
				CLANG_WARN_OBJC_LITERAL_CONVERSION = YES;
				CLANG_WARN_OBJC_ROOT_CLASS = YES_ERROR;
				CLANG_WARN_QUOTED_INCLUDE_IN_FRAMEWORK_HEADER = YES;
				CLANG_WARN_RANGE_LOOP_ANALYSIS = YES;
				CLANG_WARN_STRICT_PROTOTYPES = YES;
				CLANG_WARN_SUSPICIOUS_MOVE = YES;
				CLANG_WARN_UNGUARDED_AVAILABILITY = YES_AGGRESSIVE;
				CLANG_WARN_UNREACHABLE_CODE = YES;
				CLANG_WARN__DUPLICATE_METHOD_MATCH = YES;
				COPY_PHASE_STRIP = NO;
				DEBUG_INFORMATION_FORMAT = dwarf;
				ENABLE_STRICT_OBJC_MSGSEND = YES;
				ENABLE_TESTABILITY = YES;
				ENABLE_USER_SCRIPT_SANDBOXING = YES;
				GCC_C_LANGUAGE_STANDARD = gnu17;
				GCC_DYNAMIC_NO_PIC = NO;
				GCC_NO_COMMON_BLOCKS = YES;
				GCC_OPTIMIZATION_LEVEL = 0;
				GCC_PREPROCESSOR_DEFINITIONS = (
					"DEBUG=1",
					"$(inherited)",
				);
				GCC_WARN_64_TO_32_BIT_CONVERSION = YES;
				GCC_WARN_ABOUT_RETURN_TYPE = YES_ERROR;
				GCC_WARN_UNDECLARED_SELECTOR = YES;
				GCC_WARN_UNINITIALIZED_AUTOS = YES_AGGRESSIVE;
				GCC_WARN_UNUSED_FUNCTION = YES;
				GCC_WARN_UNUSED_VARIABLE = YES;
				IPHONEOS_DEPLOYMENT_TARGET = 17.4;
				LOCALIZATION_PREFERS_STRING_CATALOGS = YES;
				MTL_ENABLE_DEBUG_INFO = INCLUDE_SOURCE;
				MTL_FAST_MATH = YES;
				ONLY_ACTIVE_ARCH = YES;
				SDKROOT = iphoneos;
				SWIFT_ACTIVE_COMPILATION_CONDITIONS = "DEBUG $(inherited)";
				SWIFT_OPTIMIZATION_LEVEL = "-Onone";
			};
			name = Debug;
		};
		4ADD54E82C16C5CD0026BD08 /* Release */ = {
			isa = XCBuildConfiguration;
			buildSettings = {
				ALWAYS_SEARCH_USER_PATHS = NO;
				ASSETCATALOG_COMPILER_GENERATE_SWIFT_ASSET_SYMBOL_EXTENSIONS = YES;
				CLANG_ANALYZER_NONNULL = YES;
				CLANG_ANALYZER_NUMBER_OBJECT_CONVERSION = YES_AGGRESSIVE;
				CLANG_CXX_LANGUAGE_STANDARD = "gnu++20";
				CLANG_ENABLE_MODULES = YES;
				CLANG_ENABLE_OBJC_ARC = YES;
				CLANG_ENABLE_OBJC_WEAK = YES;
				CLANG_WARN_BLOCK_CAPTURE_AUTORELEASING = YES;
				CLANG_WARN_BOOL_CONVERSION = YES;
				CLANG_WARN_COMMA = YES;
				CLANG_WARN_CONSTANT_CONVERSION = YES;
				CLANG_WARN_DEPRECATED_OBJC_IMPLEMENTATIONS = YES;
				CLANG_WARN_DIRECT_OBJC_ISA_USAGE = YES_ERROR;
				CLANG_WARN_DOCUMENTATION_COMMENTS = YES;
				CLANG_WARN_EMPTY_BODY = YES;
				CLANG_WARN_ENUM_CONVERSION = YES;
				CLANG_WARN_INFINITE_RECURSION = YES;
				CLANG_WARN_INT_CONVERSION = YES;
				CLANG_WARN_NON_LITERAL_NULL_CONVERSION = YES;
				CLANG_WARN_OBJC_IMPLICIT_RETAIN_SELF = YES;
				CLANG_WARN_OBJC_LITERAL_CONVERSION = YES;
				CLANG_WARN_OBJC_ROOT_CLASS = YES_ERROR;
				CLANG_WARN_QUOTED_INCLUDE_IN_FRAMEWORK_HEADER = YES;
				CLANG_WARN_RANGE_LOOP_ANALYSIS = YES;
				CLANG_WARN_STRICT_PROTOTYPES = YES;
				CLANG_WARN_SUSPICIOUS_MOVE = YES;
				CLANG_WARN_UNGUARDED_AVAILABILITY = YES_AGGRESSIVE;
				CLANG_WARN_UNREACHABLE_CODE = YES;
				CLANG_WARN__DUPLICATE_METHOD_MATCH = YES;
				COPY_PHASE_STRIP = NO;
				DEBUG_INFORMATION_FORMAT = "dwarf-with-dsym";
				ENABLE_NS_ASSERTIONS = NO;
				ENABLE_STRICT_OBJC_MSGSEND = YES;
				ENABLE_USER_SCRIPT_SANDBOXING = YES;
				GCC_C_LANGUAGE_STANDARD = gnu17;
				GCC_NO_COMMON_BLOCKS = YES;
				GCC_WARN_64_TO_32_BIT_CONVERSION = YES;
				GCC_WARN_ABOUT_RETURN_TYPE = YES_ERROR;
				GCC_WARN_UNDECLARED_SELECTOR = YES;
				GCC_WARN_UNINITIALIZED_AUTOS = YES_AGGRESSIVE;
				GCC_WARN_UNUSED_FUNCTION = YES;
				GCC_WARN_UNUSED_VARIABLE = YES;
				IPHONEOS_DEPLOYMENT_TARGET = 17.4;
				LOCALIZATION_PREFERS_STRING_CATALOGS = YES;
				MTL_ENABLE_DEBUG_INFO = NO;
				MTL_FAST_MATH = YES;
				SDKROOT = iphoneos;
				SWIFT_COMPILATION_MODE = wholemodule;
				VALIDATE_PRODUCT = YES;
			};
			name = Release;
		};
		4ADD54EA2C16C5CD0026BD08 /* Debug */ = {
			isa = XCBuildConfiguration;
			buildSettings = {
				ASSETCATALOG_COMPILER_APPICON_NAME = AppIcon;
				ASSETCATALOG_COMPILER_GLOBAL_ACCENT_COLOR_NAME = AccentColor;
				CODE_SIGN_STYLE = Automatic;
				CURRENT_PROJECT_VERSION = 1;
				DEVELOPMENT_TEAM = R5SJV39Z22;
				GENERATE_INFOPLIST_FILE = YES;
				INFOPLIST_FILE = DiagnalApp/Info.plist;
				INFOPLIST_KEY_UIApplicationSupportsIndirectInputEvents = YES;
				INFOPLIST_KEY_UILaunchStoryboardName = LaunchScreen;
				INFOPLIST_KEY_UIMainStoryboardFile = Main;
				INFOPLIST_KEY_UISupportedInterfaceOrientations_iPad = "UIInterfaceOrientationPortrait UIInterfaceOrientationPortraitUpsideDown UIInterfaceOrientationLandscapeLeft UIInterfaceOrientationLandscapeRight";
				INFOPLIST_KEY_UISupportedInterfaceOrientations_iPhone = "UIInterfaceOrientationPortrait UIInterfaceOrientationLandscapeLeft UIInterfaceOrientationLandscapeRight";
				LD_RUNPATH_SEARCH_PATHS = (
					"$(inherited)",
					"@executable_path/Frameworks",
				);
				MARKETING_VERSION = 1.0;
				PRODUCT_BUNDLE_IDENTIFIER = com.muvee.DiagnalApp;
				PRODUCT_NAME = "$(TARGET_NAME)";
				SWIFT_EMIT_LOC_STRINGS = YES;
				SWIFT_VERSION = 5.0;
				TARGETED_DEVICE_FAMILY = "1,2";
			};
			name = Debug;
		};
		4ADD54EB2C16C5CD0026BD08 /* Release */ = {
			isa = XCBuildConfiguration;
			buildSettings = {
				ASSETCATALOG_COMPILER_APPICON_NAME = AppIcon;
				ASSETCATALOG_COMPILER_GLOBAL_ACCENT_COLOR_NAME = AccentColor;
				CODE_SIGN_STYLE = Automatic;
				CURRENT_PROJECT_VERSION = 1;
				DEVELOPMENT_TEAM = R5SJV39Z22;
				GENERATE_INFOPLIST_FILE = YES;
				INFOPLIST_FILE = DiagnalApp/Info.plist;
				INFOPLIST_KEY_UIApplicationSupportsIndirectInputEvents = YES;
				INFOPLIST_KEY_UILaunchStoryboardName = LaunchScreen;
				INFOPLIST_KEY_UIMainStoryboardFile = Main;
				INFOPLIST_KEY_UISupportedInterfaceOrientations_iPad = "UIInterfaceOrientationPortrait UIInterfaceOrientationPortraitUpsideDown UIInterfaceOrientationLandscapeLeft UIInterfaceOrientationLandscapeRight";
				INFOPLIST_KEY_UISupportedInterfaceOrientations_iPhone = "UIInterfaceOrientationPortrait UIInterfaceOrientationLandscapeLeft UIInterfaceOrientationLandscapeRight";
				LD_RUNPATH_SEARCH_PATHS = (
					"$(inherited)",
					"@executable_path/Frameworks",
				);
				MARKETING_VERSION = 1.0;
				PRODUCT_BUNDLE_IDENTIFIER = com.muvee.DiagnalApp;
				PRODUCT_NAME = "$(TARGET_NAME)";
				SWIFT_EMIT_LOC_STRINGS = YES;
				SWIFT_VERSION = 5.0;
				TARGETED_DEVICE_FAMILY = "1,2";
			};
			name = Release;
		};
		4ADD54ED2C16C5CD0026BD08 /* Debug */ = {
			isa = XCBuildConfiguration;
			buildSettings = {
				ALWAYS_EMBED_SWIFT_STANDARD_LIBRARIES = YES;
				BUNDLE_LOADER = "$(TEST_HOST)";
				CODE_SIGN_STYLE = Automatic;
				CURRENT_PROJECT_VERSION = 1;
				DEVELOPMENT_TEAM = R5SJV39Z22;
				GENERATE_INFOPLIST_FILE = YES;
				IPHONEOS_DEPLOYMENT_TARGET = 17.4;
				MARKETING_VERSION = 1.0;
				PRODUCT_BUNDLE_IDENTIFIER = com.muvee.DiagnalAppTests;
				PRODUCT_NAME = "$(TARGET_NAME)";
				SWIFT_EMIT_LOC_STRINGS = NO;
				SWIFT_VERSION = 5.0;
				TARGETED_DEVICE_FAMILY = "1,2";
				TEST_HOST = "$(BUILT_PRODUCTS_DIR)/DiagnalApp.app/$(BUNDLE_EXECUTABLE_FOLDER_PATH)/DiagnalApp";
			};
			name = Debug;
		};
		4ADD54EE2C16C5CD0026BD08 /* Release */ = {
			isa = XCBuildConfiguration;
			buildSettings = {
				ALWAYS_EMBED_SWIFT_STANDARD_LIBRARIES = YES;
				BUNDLE_LOADER = "$(TEST_HOST)";
				CODE_SIGN_STYLE = Automatic;
				CURRENT_PROJECT_VERSION = 1;
				DEVELOPMENT_TEAM = R5SJV39Z22;
				GENERATE_INFOPLIST_FILE = YES;
				IPHONEOS_DEPLOYMENT_TARGET = 17.4;
				MARKETING_VERSION = 1.0;
				PRODUCT_BUNDLE_IDENTIFIER = com.muvee.DiagnalAppTests;
				PRODUCT_NAME = "$(TARGET_NAME)";
				SWIFT_EMIT_LOC_STRINGS = NO;
				SWIFT_VERSION = 5.0;
				TARGETED_DEVICE_FAMILY = "1,2";
				TEST_HOST = "$(BUILT_PRODUCTS_DIR)/DiagnalApp.app/$(BUNDLE_EXECUTABLE_FOLDER_PATH)/DiagnalApp";
			};
			name = Release;
		};
/* End XCBuildConfiguration section */

/* Begin XCConfigurationList section */
		4ADD54BA2C16C5CC0026BD08 /* Build configuration list for PBXProject "DiagnalApp" */ = {
			isa = XCConfigurationList;
			buildConfigurations = (
				4ADD54E72C16C5CD0026BD08 /* Debug */,
				4ADD54E82C16C5CD0026BD08 /* Release */,
			);
			defaultConfigurationIsVisible = 0;
			defaultConfigurationName = Release;
		};
		4ADD54E92C16C5CD0026BD08 /* Build configuration list for PBXNativeTarget "DiagnalApp" */ = {
			isa = XCConfigurationList;
			buildConfigurations = (
				4ADD54EA2C16C5CD0026BD08 /* Debug */,
				4ADD54EB2C16C5CD0026BD08 /* Release */,
			);
			defaultConfigurationIsVisible = 0;
			defaultConfigurationName = Release;
		};
		4ADD54EC2C16C5CD0026BD08 /* Build configuration list for PBXNativeTarget "DiagnalAppTests" */ = {
			isa = XCConfigurationList;
			buildConfigurations = (
				4ADD54ED2C16C5CD0026BD08 /* Debug */,
				4ADD54EE2C16C5CD0026BD08 /* Release */,
			);
			defaultConfigurationIsVisible = 0;
			defaultConfigurationName = Release;
		};
/* End XCConfigurationList section */
	};
	rootObject = 4ADD54B72C16C5CC0026BD08 /* Project object */;
}
